
Microsoft Visual Studio Solution File, Format Version 12.00
# Visual Studio Version 16
VisualStudioVersion = 16.0.30709.132
MinimumVisualStudioVersion = 10.0.40219.1
Project("{9A19103F-16F7-4668-BE54-9A1E7A4F7556}") = "Xporter.Core", "Xporter.Core\Xporter.Core.csproj", "{854C992A-74F1-46AD-9B95-48D1F38E149C}"
EndProject
Project("{9A19103F-16F7-4668-BE54-9A1E7A4F7556}") = "XporterConsole", "XporterConsole\XporterConsole.csproj", "{3464B9DE-563E-4EF3-BB34-F07CE25FBDE8}"
EndProject
Global
	GlobalSection(SolutionConfigurationPlatforms) = preSolution
		Debug|Any CPU = Debug|Any CPU
		Release|Any CPU = Release|Any CPU
	EndGlobalSection
	GlobalSection(ProjectConfigurationPlatforms) = postSolution
		{854C992A-74F1-46AD-9B95-48D1F38E149C}.Debug|Any CPU.ActiveCfg = Debug|Any CPU
		{854C992A-74F1-46AD-9B95-48D1F38E149C}.Debug|Any CPU.Build.0 = Debug|Any CPU
		{854C992A-74F1-46AD-9B95-48D1F38E149C}.Release|Any CPU.ActiveCfg = Release|Any CPU
		{854C992A-74F1-46AD-9B95-48D1F38E149C}.Release|Any CPU.Build.0 = Release|Any CPU
		{3464B9DE-563E-4EF3-BB34-F07CE25FBDE8}.Debug|Any CPU.ActiveCfg = Debug|Any CPU
		{3464B9DE-563E-4EF3-BB34-F07CE25FBDE8}.Debug|Any CPU.Build.0 = Debug|Any CPU
		{3464B9DE-563E-4EF3-BB34-F07CE25FBDE8}.Release|Any CPU.ActiveCfg = Release|Any CPU
		{3464B9DE-563E-4EF3-BB34-F07CE25FBDE8}.Release|Any CPU.Build.0 = Release|Any CPU
	EndGlobalSection
	GlobalSection(SolutionProperties) = preSolution
		HideSolutionNode = FALSE
	EndGlobalSection
	GlobalSection(ExtensibilityGlobals) = postSolution
		SolutionGuid = {DA152AA8-4768-4D2A-ACDC-825B5E4FF63D}
	EndGlobalSection
EndGlobal
